
Microsoft Visual Studio Solution File, Format Version 12.00
# Visual Studio 15
VisualStudioVersion = 15.0.28307.705
MinimumVisualStudioVersion = 10.0.40219.1
Project("{8BC9CEB8-8B4A-11D0-8D11-00A0C91BC942}") = "ServerImplementation", "ServerImplementation.vcxproj", "{2904304F-D7E1-452E-8BC9-D435EA635BE3}"
EndProject
Global
	GlobalSection(SolutionConfigurationPlatforms) = preSolution
		Debug|x64 = Debug|x64
		Debug|x86 = Debug|x86
		Release|x64 = Release|x64
		Release|x86 = Release|x86
	EndGlobalSection
	GlobalSection(ProjectConfigurationPlatforms) = postSolution
		{2904304F-D7E1-452E-8BC9-D435EA635BE3}.Debug|x64.ActiveCfg = Debug|x64
		{2904304F-D7E1-452E-8BC9-D435EA635BE3}.Debug|x64.Build.0 = Debug|x64
		{2904304F-D7E1-452E-8BC9-D435EA635BE3}.Debug|x86.ActiveCfg = Debug|Win32
		{2904304F-D7E1-452E-8BC9-D435EA635BE3}.Debug|x86.Build.0 = Debug|Win32
		{2904304F-D7E1-452E-8BC9-D435EA635BE3}.Release|x64.ActiveCfg = Release|x64
		{2904304F-D7E1-452E-8BC9-D435EA635BE3}.Release|x64.Build.0 = Release|x64
		{2904304F-D7E1-452E-8BC9-D435EA635BE3}.Release|x86.ActiveCfg = Release|Win32
		{2904304F-D7E1-452E-8BC9-D435EA635BE3}.Release|x86.Build.0 = Release|Win32
	EndGlobalSection
	GlobalSection(SolutionProperties) = preSolution
		HideSolutionNode = FALSE
	EndGlobalSection
	GlobalSection(ExtensibilityGlobals) = postSolution
		SolutionGuid = {3B6576D9-8B80-4C0C-978C-E7BD020FA0F1}
	EndGlobalSection
EndGlobal
